
Microsoft Visual Studio Solution File, Format Version 12.00
# Visual Studio Version 17
VisualStudioVersion = 17.14.36310.24 d17.14
MinimumVisualStudioVersion = 10.0.40219.1
Project("{FAE04EC0-301F-11D3-BF4B-00C04F79EFBC}") = "DLPBits", "DLPBits\DLPBits.csproj", "{29821A56-C291-4464-A05D-49A1892E81D5}"
EndProject
Global
	GlobalSection(SolutionConfigurationPlatforms) = preSolution
		Debug|Any CPU = Debug|Any CPU
		Release|Any CPU = Release|Any CPU
	EndGlobalSection
	GlobalSection(ProjectConfigurationPlatforms) = postSolution
		{29821A56-C291-4464-A05D-49A1892E81D5}.Debug|Any CPU.ActiveCfg = Debug|Any CPU
		{29821A56-C291-4464-A05D-49A1892E81D5}.Debug|Any CPU.Build.0 = Debug|Any CPU
		{29821A56-C291-4464-A05D-49A1892E81D5}.Release|Any CPU.ActiveCfg = Release|Any CPU
		{29821A56-C291-4464-A05D-49A1892E81D5}.Release|Any CPU.Build.0 = Release|Any CPU
	EndGlobalSection
	GlobalSection(SolutionProperties) = preSolution
		HideSolutionNode = FALSE
	EndGlobalSection
	GlobalSection(ExtensibilityGlobals) = postSolution
		SolutionGuid = {3A56E75A-58F8-4F2E-B8AC-D113741EB0B0}
	EndGlobalSection
EndGlobal
